
Microsoft Visual Studio Solution File, Format Version 12.00
# Visual Studio Version 17
VisualStudioVersion = 17.0.32126.317
MinimumVisualStudioVersion = 10.0.40219.1
Project("{FAE04EC0-301F-11D3-BF4B-00C04F79EFBC}") = "FPTBOOKSTORE_TEMPLETE", "FPTBOOKSTORE_TEMPLETE\FPTBOOKSTORE_TEMPLETE.csproj", "{F11F9606-07F4-40BA-ABD4-86FBD964FBE9}"
EndProject
Global
	GlobalSection(SolutionConfigurationPlatforms) = preSolution
		Debug|Any CPU = Debug|Any CPU
		Release|Any CPU = Release|Any CPU
	EndGlobalSection
	GlobalSection(ProjectConfigurationPlatforms) = postSolution
		{F11F9606-07F4-40BA-ABD4-86FBD964FBE9}.Debug|Any CPU.ActiveCfg = Debug|Any CPU
		{F11F9606-07F4-40BA-ABD4-86FBD964FBE9}.Debug|Any CPU.Build.0 = Debug|Any CPU
		{F11F9606-07F4-40BA-ABD4-86FBD964FBE9}.Release|Any CPU.ActiveCfg = Release|Any CPU
		{F11F9606-07F4-40BA-ABD4-86FBD964FBE9}.Release|Any CPU.Build.0 = Release|Any CPU
	EndGlobalSection
	GlobalSection(SolutionProperties) = preSolution
		HideSolutionNode = FALSE
	EndGlobalSection
	GlobalSection(ExtensibilityGlobals) = postSolution
		SolutionGuid = {27E71986-1E78-4563-9C9A-87DA2BC88CB5}
	EndGlobalSection
EndGlobal
